
Microsoft Visual Studio Solution File, Format Version 12.00
# Visual Studio 15
VisualStudioVersion = 15.0.27703.2042
MinimumVisualStudioVersion = 10.0.40219.1
Project("{FAE04EC0-301F-11D3-BF4B-00C04F79EFBC}") = "윈폼연습", "윈폼연습\윈폼연습.csproj", "{C9DA0778-0310-4520-BEB6-F20ACF01B06D}"
EndProject
Global
	GlobalSection(SolutionConfigurationPlatforms) = preSolution
		Debug|Any CPU = Debug|Any CPU
		Release|Any CPU = Release|Any CPU
	EndGlobalSection
	GlobalSection(ProjectConfigurationPlatforms) = postSolution
		{C9DA0778-0310-4520-BEB6-F20ACF01B06D}.Debug|Any CPU.ActiveCfg = Debug|Any CPU
		{C9DA0778-0310-4520-BEB6-F20ACF01B06D}.Debug|Any CPU.Build.0 = Debug|Any CPU
		{C9DA0778-0310-4520-BEB6-F20ACF01B06D}.Release|Any CPU.ActiveCfg = Release|Any CPU
		{C9DA0778-0310-4520-BEB6-F20ACF01B06D}.Release|Any CPU.Build.0 = Release|Any CPU
	EndGlobalSection
	GlobalSection(SolutionProperties) = preSolution
		HideSolutionNode = FALSE
	EndGlobalSection
	GlobalSection(ExtensibilityGlobals) = postSolution
		SolutionGuid = {F426A1A9-6051-4FEF-B0A9-5C2102F5E8AD}
	EndGlobalSection
EndGlobal
